
Microsoft Visual Studio Solution File, Format Version 12.00
# Visual Studio Version 17
VisualStudioVersion = 17.14.36401.2
MinimumVisualStudioVersion = 10.0.40219.1
Project("{2150E333-8FDC-42A3-9474-1A3956D46DE8}") = "Homework", "Homework", "{36D591C7-65C7-A0D1-1CBC-10CDE441BDC8}"
EndProject
Project("{2150E333-8FDC-42A3-9474-1A3956D46DE8}") = "HW1", "HW1", "{0617CC2C-111C-4B6C-B79B-C14C4F11F132}"
EndProject
Project("{FAE04EC0-301F-11D3-BF4B-00C04F79EFBC}") = "ClientApp", "ClientApp\ClientApp.csproj", "{518FF4F4-63F0-446A-9E0F-704A61092170}"
EndProject
Project("{FAE04EC0-301F-11D3-BF4B-00C04F79EFBC}") = "ServerApp", "ServerApp\ServerApp.csproj", "{ADCE1E32-AF65-4741-925B-AE45E36484CE}"
EndProject
Project("{2150E333-8FDC-42A3-9474-1A3956D46DE8}") = "ChatHomework", "ChatHomework", "{ABA9A148-7C23-417B-92B1-A9D6C90EA55B}"
EndProject
Project("{FAE04EC0-301F-11D3-BF4B-00C04F79EFBC}") = "ClientChatApp", "ServerChatApp\ClientChatApp.csproj", "{0ECC4425-09BD-46C5-B568-3F0F8AF66721}"
EndProject
Project("{FAE04EC0-301F-11D3-BF4B-00C04F79EFBC}") = "ServerChat", "ServerChat\ServerChat.csproj", "{46E87043-1030-44E4-9EBF-2335D2033176}"
EndProject
Project("{2150E333-8FDC-42A3-9474-1A3956D46DE8}") = "ClassWork", "ClassWork", "{0BE68967-C266-4D8E-AFE9-C102C06B7262}"
EndProject
Project("{FAE04EC0-301F-11D3-BF4B-00C04F79EFBC}") = "IPAddress", "ConsoleApp1\IPAddress.csproj", "{AEAF3035-E323-433D-914F-8C2D1C07068B}"
EndProject
Project("{FAE04EC0-301F-11D3-BF4B-00C04F79EFBC}") = "TCP", "TCP\TCP.csproj", "{F30C5511-E5EC-4CF4-B0AE-B8D5B8629A4D}"
EndProject
Project("{FAE04EC0-301F-11D3-BF4B-00C04F79EFBC}") = "TCPServer", "TCPServer\TCPServer.csproj", "{9D056925-1CC6-4A8A-82D9-EE13A4870379}"
EndProject
Project("{FAE04EC0-301F-11D3-BF4B-00C04F79EFBC}") = "NetworkStream", "NetworkStream\NetworkStream.csproj", "{6C677CCF-3F7B-47B4-9D8F-9D2636AE402C}"
EndProject
Project("{FAE04EC0-301F-11D3-BF4B-00C04F79EFBC}") = "TcpClient", "TcpClient\TcpClient.csproj", "{F39A9F48-328D-44BE-9CA9-20F3A47E79D7}"
EndProject
Project("{FAE04EC0-301F-11D3-BF4B-00C04F79EFBC}") = "TcpListener", "TcpListener\TcpListener.csproj", "{1A62F118-C517-4247-99A0-B5F4A6E3C236}"
EndProject
Project("{2150E333-8FDC-42A3-9474-1A3956D46DE8}") = "bidirectional sending", "bidirectional sending", "{E55AEF20-F85A-4517-AF1D-10F0899FE719}"
EndProject
Project("{FAE04EC0-301F-11D3-BF4B-00C04F79EFBC}") = "bidirectionalSending_client", "bidirectionalSending_client\bidirectionalSending_client.csproj", "{B03FB914-CDF4-4482-8601-5FF15BA97CE0}"
EndProject
Project("{FAE04EC0-301F-11D3-BF4B-00C04F79EFBC}") = "bidirectionalSending_server", "bidirectionalSending_server\bidirectionalSending_server.csproj", "{6F1AF430-C829-4823-A096-CBB4A31B89E1}"
EndProject
Project("{2150E333-8FDC-42A3-9474-1A3956D46DE8}") = "Exam", "Exam", "{8987A9B9-B175-4553-A038-5496F002626A}"
EndProject
Project("{FAE04EC0-301F-11D3-BF4B-00C04F79EFBC}") = "Producer", "Producer\Producer.csproj", "{4324A889-F54E-4328-8D02-FFFE82646978}"
EndProject
Project("{FAE04EC0-301F-11D3-BF4B-00C04F79EFBC}") = "Consumer", "Customer\Consumer.csproj", "{E4AF34C2-83C8-4428-B8C4-37D7072B9F50}"
EndProject
Global
	GlobalSection(SolutionConfigurationPlatforms) = preSolution
		Debug|Any CPU = Debug|Any CPU
		Release|Any CPU = Release|Any CPU
	EndGlobalSection
	GlobalSection(ProjectConfigurationPlatforms) = postSolution
		{518FF4F4-63F0-446A-9E0F-704A61092170}.Debug|Any CPU.ActiveCfg = Debug|Any CPU
		{518FF4F4-63F0-446A-9E0F-704A61092170}.Debug|Any CPU.Build.0 = Debug|Any CPU
		{518FF4F4-63F0-446A-9E0F-704A61092170}.Release|Any CPU.ActiveCfg = Release|Any CPU
		{518FF4F4-63F0-446A-9E0F-704A61092170}.Release|Any CPU.Build.0 = Release|Any CPU
		{ADCE1E32-AF65-4741-925B-AE45E36484CE}.Debug|Any CPU.ActiveCfg = Debug|Any CPU
		{ADCE1E32-AF65-4741-925B-AE45E36484CE}.Debug|Any CPU.Build.0 = Debug|Any CPU
		{ADCE1E32-AF65-4741-925B-AE45E36484CE}.Release|Any CPU.ActiveCfg = Release|Any CPU
		{ADCE1E32-AF65-4741-925B-AE45E36484CE}.Release|Any CPU.Build.0 = Release|Any CPU
		{0ECC4425-09BD-46C5-B568-3F0F8AF66721}.Debug|Any CPU.ActiveCfg = Debug|Any CPU
		{0ECC4425-09BD-46C5-B568-3F0F8AF66721}.Debug|Any CPU.Build.0 = Debug|Any CPU
		{0ECC4425-09BD-46C5-B568-3F0F8AF66721}.Release|Any CPU.ActiveCfg = Release|Any CPU
		{0ECC4425-09BD-46C5-B568-3F0F8AF66721}.Release|Any CPU.Build.0 = Release|Any CPU
		{46E87043-1030-44E4-9EBF-2335D2033176}.Debug|Any CPU.ActiveCfg = Debug|Any CPU
		{46E87043-1030-44E4-9EBF-2335D2033176}.Debug|Any CPU.Build.0 = Debug|Any CPU
		{46E87043-1030-44E4-9EBF-2335D2033176}.Release|Any CPU.ActiveCfg = Release|Any CPU
		{46E87043-1030-44E4-9EBF-2335D2033176}.Release|Any CPU.Build.0 = Release|Any CPU
		{AEAF3035-E323-433D-914F-8C2D1C07068B}.Debug|Any CPU.ActiveCfg = Debug|Any CPU
		{AEAF3035-E323-433D-914F-8C2D1C07068B}.Debug|Any CPU.Build.0 = Debug|Any CPU
		{AEAF3035-E323-433D-914F-8C2D1C07068B}.Release|Any CPU.ActiveCfg = Release|Any CPU
		{AEAF3035-E323-433D-914F-8C2D1C07068B}.Release|Any CPU.Build.0 = Release|Any CPU
		{F30C5511-E5EC-4CF4-B0AE-B8D5B8629A4D}.Debug|Any CPU.ActiveCfg = Debug|Any CPU
		{F30C5511-E5EC-4CF4-B0AE-B8D5B8629A4D}.Debug|Any CPU.Build.0 = Debug|Any CPU
		{F30C5511-E5EC-4CF4-B0AE-B8D5B8629A4D}.Release|Any CPU.ActiveCfg = Release|Any CPU
		{F30C5511-E5EC-4CF4-B0AE-B8D5B8629A4D}.Release|Any CPU.Build.0 = Release|Any CPU
		{9D056925-1CC6-4A8A-82D9-EE13A4870379}.Debug|Any CPU.ActiveCfg = Debug|Any CPU
		{9D056925-1CC6-4A8A-82D9-EE13A4870379}.Debug|Any CPU.Build.0 = Debug|Any CPU
		{9D056925-1CC6-4A8A-82D9-EE13A4870379}.Release|Any CPU.ActiveCfg = Release|Any CPU
		{9D056925-1CC6-4A8A-82D9-EE13A4870379}.Release|Any CPU.Build.0 = Release|Any CPU
		{6C677CCF-3F7B-47B4-9D8F-9D2636AE402C}.Debug|Any CPU.ActiveCfg = Debug|Any CPU
		{6C677CCF-3F7B-47B4-9D8F-9D2636AE402C}.Debug|Any CPU.Build.0 = Debug|Any CPU
		{6C677CCF-3F7B-47B4-9D8F-9D2636AE402C}.Release|Any CPU.ActiveCfg = Release|Any CPU
		{6C677CCF-3F7B-47B4-9D8F-9D2636AE402C}.Release|Any CPU.Build.0 = Release|Any CPU
		{F39A9F48-328D-44BE-9CA9-20F3A47E79D7}.Debug|Any CPU.ActiveCfg = Debug|Any CPU
		{F39A9F48-328D-44BE-9CA9-20F3A47E79D7}.Debug|Any CPU.Build.0 = Debug|Any CPU
		{F39A9F48-328D-44BE-9CA9-20F3A47E79D7}.Release|Any CPU.ActiveCfg = Release|Any CPU
		{F39A9F48-328D-44BE-9CA9-20F3A47E79D7}.Release|Any CPU.Build.0 = Release|Any CPU
		{1A62F118-C517-4247-99A0-B5F4A6E3C236}.Debug|Any CPU.ActiveCfg = Debug|Any CPU
		{1A62F118-C517-4247-99A0-B5F4A6E3C236}.Debug|Any CPU.Build.0 = Debug|Any CPU
		{1A62F118-C517-4247-99A0-B5F4A6E3C236}.Release|Any CPU.ActiveCfg = Release|Any CPU
		{1A62F118-C517-4247-99A0-B5F4A6E3C236}.Release|Any CPU.Build.0 = Release|Any CPU
		{B03FB914-CDF4-4482-8601-5FF15BA97CE0}.Debug|Any CPU.ActiveCfg = Debug|Any CPU
		{B03FB914-CDF4-4482-8601-5FF15BA97CE0}.Debug|Any CPU.Build.0 = Debug|Any CPU
		{B03FB914-CDF4-4482-8601-5FF15BA97CE0}.Release|Any CPU.ActiveCfg = Release|Any CPU
		{B03FB914-CDF4-4482-8601-5FF15BA97CE0}.Release|Any CPU.Build.0 = Release|Any CPU
		{6F1AF430-C829-4823-A096-CBB4A31B89E1}.Debug|Any CPU.ActiveCfg = Debug|Any CPU
		{6F1AF430-C829-4823-A096-CBB4A31B89E1}.Debug|Any CPU.Build.0 = Debug|Any CPU
		{6F1AF430-C829-4823-A096-CBB4A31B89E1}.Release|Any CPU.ActiveCfg = Release|Any CPU
		{6F1AF430-C829-4823-A096-CBB4A31B89E1}.Release|Any CPU.Build.0 = Release|Any CPU
		{4324A889-F54E-4328-8D02-FFFE82646978}.Debug|Any CPU.ActiveCfg = Debug|Any CPU
		{4324A889-F54E-4328-8D02-FFFE82646978}.Debug|Any CPU.Build.0 = Debug|Any CPU
		{4324A889-F54E-4328-8D02-FFFE82646978}.Release|Any CPU.ActiveCfg = Release|Any CPU
		{4324A889-F54E-4328-8D02-FFFE82646978}.Release|Any CPU.Build.0 = Release|Any CPU
		{E4AF34C2-83C8-4428-B8C4-37D7072B9F50}.Debug|Any CPU.ActiveCfg = Debug|Any CPU
		{E4AF34C2-83C8-4428-B8C4-37D7072B9F50}.Debug|Any CPU.Build.0 = Debug|Any CPU
		{E4AF34C2-83C8-4428-B8C4-37D7072B9F50}.Release|Any CPU.ActiveCfg = Release|Any CPU
		{E4AF34C2-83C8-4428-B8C4-37D7072B9F50}.Release|Any CPU.Build.0 = Release|Any CPU
	EndGlobalSection
	GlobalSection(SolutionProperties) = preSolution
		HideSolutionNode = FALSE
	EndGlobalSection
	GlobalSection(NestedProjects) = preSolution
		{0617CC2C-111C-4B6C-B79B-C14C4F11F132} = {36D591C7-65C7-A0D1-1CBC-10CDE441BDC8}
		{518FF4F4-63F0-446A-9E0F-704A61092170} = {0617CC2C-111C-4B6C-B79B-C14C4F11F132}
		{ADCE1E32-AF65-4741-925B-AE45E36484CE} = {0617CC2C-111C-4B6C-B79B-C14C4F11F132}
		{ABA9A148-7C23-417B-92B1-A9D6C90EA55B} = {36D591C7-65C7-A0D1-1CBC-10CDE441BDC8}
		{0ECC4425-09BD-46C5-B568-3F0F8AF66721} = {ABA9A148-7C23-417B-92B1-A9D6C90EA55B}
		{46E87043-1030-44E4-9EBF-2335D2033176} = {ABA9A148-7C23-417B-92B1-A9D6C90EA55B}
		{AEAF3035-E323-433D-914F-8C2D1C07068B} = {0BE68967-C266-4D8E-AFE9-C102C06B7262}
		{F30C5511-E5EC-4CF4-B0AE-B8D5B8629A4D} = {0BE68967-C266-4D8E-AFE9-C102C06B7262}
		{9D056925-1CC6-4A8A-82D9-EE13A4870379} = {0BE68967-C266-4D8E-AFE9-C102C06B7262}
		{6C677CCF-3F7B-47B4-9D8F-9D2636AE402C} = {0BE68967-C266-4D8E-AFE9-C102C06B7262}
		{F39A9F48-328D-44BE-9CA9-20F3A47E79D7} = {0BE68967-C266-4D8E-AFE9-C102C06B7262}
		{1A62F118-C517-4247-99A0-B5F4A6E3C236} = {0BE68967-C266-4D8E-AFE9-C102C06B7262}
		{E55AEF20-F85A-4517-AF1D-10F0899FE719} = {0BE68967-C266-4D8E-AFE9-C102C06B7262}
		{B03FB914-CDF4-4482-8601-5FF15BA97CE0} = {E55AEF20-F85A-4517-AF1D-10F0899FE719}
		{6F1AF430-C829-4823-A096-CBB4A31B89E1} = {E55AEF20-F85A-4517-AF1D-10F0899FE719}
		{8987A9B9-B175-4553-A038-5496F002626A} = {36D591C7-65C7-A0D1-1CBC-10CDE441BDC8}
		{4324A889-F54E-4328-8D02-FFFE82646978} = {8987A9B9-B175-4553-A038-5496F002626A}
		{E4AF34C2-83C8-4428-B8C4-37D7072B9F50} = {8987A9B9-B175-4553-A038-5496F002626A}
	EndGlobalSection
	GlobalSection(ExtensibilityGlobals) = postSolution
		SolutionGuid = {82DBE3EF-99CE-4E35-83D7-8F039E17542E}
	EndGlobalSection
EndGlobal
