
Microsoft Visual Studio Solution File, Format Version 12.00
# Visual Studio Version 17
VisualStudioVersion = 17.14.36401.2
MinimumVisualStudioVersion = 10.0.40219.1
Project("{2150E333-8FDC-42A3-9474-1A3956D46DE8}") = "Homework", "Homework", "{36D591C7-65C7-A0D1-1CBC-10CDE441BDC8}"
EndProject
Project("{2150E333-8FDC-42A3-9474-1A3956D46DE8}") = "HW1", "HW1", "{0617CC2C-111C-4B6C-B79B-C14C4F11F132}"
EndProject
Project("{FAE04EC0-301F-11D3-BF4B-00C04F79EFBC}") = "ClientApp", "ClientApp\ClientApp.csproj", "{518FF4F4-63F0-446A-9E0F-704A61092170}"
EndProject
Project("{FAE04EC0-301F-11D3-BF4B-00C04F79EFBC}") = "ServerApp", "ServerApp\ServerApp.csproj", "{ADCE1E32-AF65-4741-925B-AE45E36484CE}"
EndProject
Project("{2150E333-8FDC-42A3-9474-1A3956D46DE8}") = "ChatHomework", "ChatHomework", "{ABA9A148-7C23-417B-92B1-A9D6C90EA55B}"
EndProject
Project("{FAE04EC0-301F-11D3-BF4B-00C04F79EFBC}") = "ClientChatApp", "ServerChatApp\ClientChatApp.csproj", "{0ECC4425-09BD-46C5-B568-3F0F8AF66721}"
EndProject
Project("{FAE04EC0-301F-11D3-BF4B-00C04F79EFBC}") = "ServerChat", "ServerChat\ServerChat.csproj", "{46E87043-1030-44E4-9EBF-2335D2033176}"
EndProject
Global
	GlobalSection(SolutionConfigurationPlatforms) = preSolution
		Debug|Any CPU = Debug|Any CPU
		Release|Any CPU = Release|Any CPU
	EndGlobalSection
	GlobalSection(ProjectConfigurationPlatforms) = postSolution
		{518FF4F4-63F0-446A-9E0F-704A61092170}.Debug|Any CPU.ActiveCfg = Debug|Any CPU
		{518FF4F4-63F0-446A-9E0F-704A61092170}.Debug|Any CPU.Build.0 = Debug|Any CPU
		{518FF4F4-63F0-446A-9E0F-704A61092170}.Release|Any CPU.ActiveCfg = Release|Any CPU
		{518FF4F4-63F0-446A-9E0F-704A61092170}.Release|Any CPU.Build.0 = Release|Any CPU
		{ADCE1E32-AF65-4741-925B-AE45E36484CE}.Debug|Any CPU.ActiveCfg = Debug|Any CPU
		{ADCE1E32-AF65-4741-925B-AE45E36484CE}.Debug|Any CPU.Build.0 = Debug|Any CPU
		{ADCE1E32-AF65-4741-925B-AE45E36484CE}.Release|Any CPU.ActiveCfg = Release|Any CPU
		{ADCE1E32-AF65-4741-925B-AE45E36484CE}.Release|Any CPU.Build.0 = Release|Any CPU
		{0ECC4425-09BD-46C5-B568-3F0F8AF66721}.Debug|Any CPU.ActiveCfg = Debug|Any CPU
		{0ECC4425-09BD-46C5-B568-3F0F8AF66721}.Debug|Any CPU.Build.0 = Debug|Any CPU
		{0ECC4425-09BD-46C5-B568-3F0F8AF66721}.Release|Any CPU.ActiveCfg = Release|Any CPU
		{0ECC4425-09BD-46C5-B568-3F0F8AF66721}.Release|Any CPU.Build.0 = Release|Any CPU
		{46E87043-1030-44E4-9EBF-2335D2033176}.Debug|Any CPU.ActiveCfg = Debug|Any CPU
		{46E87043-1030-44E4-9EBF-2335D2033176}.Debug|Any CPU.Build.0 = Debug|Any CPU
		{46E87043-1030-44E4-9EBF-2335D2033176}.Release|Any CPU.ActiveCfg = Release|Any CPU
		{46E87043-1030-44E4-9EBF-2335D2033176}.Release|Any CPU.Build.0 = Release|Any CPU
	EndGlobalSection
	GlobalSection(SolutionProperties) = preSolution
		HideSolutionNode = FALSE
	EndGlobalSection
	GlobalSection(NestedProjects) = preSolution
		{0617CC2C-111C-4B6C-B79B-C14C4F11F132} = {36D591C7-65C7-A0D1-1CBC-10CDE441BDC8}
		{518FF4F4-63F0-446A-9E0F-704A61092170} = {0617CC2C-111C-4B6C-B79B-C14C4F11F132}
		{ADCE1E32-AF65-4741-925B-AE45E36484CE} = {0617CC2C-111C-4B6C-B79B-C14C4F11F132}
		{ABA9A148-7C23-417B-92B1-A9D6C90EA55B} = {36D591C7-65C7-A0D1-1CBC-10CDE441BDC8}
		{0ECC4425-09BD-46C5-B568-3F0F8AF66721} = {ABA9A148-7C23-417B-92B1-A9D6C90EA55B}
		{46E87043-1030-44E4-9EBF-2335D2033176} = {ABA9A148-7C23-417B-92B1-A9D6C90EA55B}
	EndGlobalSection
	GlobalSection(ExtensibilityGlobals) = postSolution
		SolutionGuid = {82DBE3EF-99CE-4E35-83D7-8F039E17542E}
	EndGlobalSection
EndGlobal
